
Microsoft Visual Studio Solution File, Format Version 12.00
# Visual Studio 2012
Project("{FAE04EC0-301F-11D3-BF4B-00C04F79EFBC}") = "Tarea2-ARI (Bastias - Rojas)", "Tarea2-ARI (Bastias - Rojas)\Tarea2-ARI (Bastias - Rojas).csproj", "{447FCD9B-F15C-41FA-9D26-2E8BAE9473CB}"
EndProject
Global
	GlobalSection(SolutionConfigurationPlatforms) = preSolution
		Debug|Any CPU = Debug|Any CPU
		Release|Any CPU = Release|Any CPU
	EndGlobalSection
	GlobalSection(ProjectConfigurationPlatforms) = postSolution
		{447FCD9B-F15C-41FA-9D26-2E8BAE9473CB}.Debug|Any CPU.ActiveCfg = Debug|Any CPU
		{447FCD9B-F15C-41FA-9D26-2E8BAE9473CB}.Debug|Any CPU.Build.0 = Debug|Any CPU
		{447FCD9B-F15C-41FA-9D26-2E8BAE9473CB}.Release|Any CPU.ActiveCfg = Release|Any CPU
		{447FCD9B-F15C-41FA-9D26-2E8BAE9473CB}.Release|Any CPU.Build.0 = Release|Any CPU
	EndGlobalSection
	GlobalSection(SolutionProperties) = preSolution
		HideSolutionNode = FALSE
	EndGlobalSection
EndGlobal
